
Microsoft Visual Studio Solution File, Format Version 12.00
# Visual Studio Version 17
VisualStudioVersion = 17.0.32112.339
MinimumVisualStudioVersion = 10.0.40219.1
Project("{9A19103F-16F7-4668-BE54-9A1E7A4F7556}") = "Moneyes.Core", "source\Moneyes.Core\Moneyes.Core.csproj", "{02B851DA-073B-4D76-ABF8-BA98AF531EB4}"
EndProject
Project("{9A19103F-16F7-4668-BE54-9A1E7A4F7556}") = "Moneyes.UI", "source\Moneyes.UI\Moneyes.UI.csproj", "{EE303237-8697-4673-933E-5127A0D78D7B}"
EndProject
Project("{9A19103F-16F7-4668-BE54-9A1E7A4F7556}") = "Moneyes.LiveData", "source\Moneyes.LiveData\Moneyes.LiveData.csproj", "{69A10BDC-65FF-4672-8C40-770821F5657C}"
EndProject
Project("{2150E333-8FDC-42A3-9474-1A3956D46DE8}") = "Solution Items", "Solution Items", "{ABE39D80-7035-4728-9C17-FAA0D0D824F4}"
EndProject
Project("{9A19103F-16F7-4668-BE54-9A1E7A4F7556}") = "Moneyes.Data", "source\Moneyes.Data\Moneyes.Data.csproj", "{5178E1B6-560F-497A-9DB5-80F1145C8F22}"
EndProject
Project("{FAE04EC0-301F-11D3-BF4B-00C04F79EFBC}") = "Moneyes.Test", "test\Moneyes.Test\Moneyes.Test.csproj", "{3F873D49-ECAE-4296-BB29-279DD4731F59}"
EndProject
Global
	GlobalSection(SolutionConfigurationPlatforms) = preSolution
		Debug|Any CPU = Debug|Any CPU
		Release|Any CPU = Release|Any CPU
	EndGlobalSection
	GlobalSection(ProjectConfigurationPlatforms) = postSolution
		{02B851DA-073B-4D76-ABF8-BA98AF531EB4}.Debug|Any CPU.ActiveCfg = Debug|Any CPU
		{02B851DA-073B-4D76-ABF8-BA98AF531EB4}.Debug|Any CPU.Build.0 = Debug|Any CPU
		{02B851DA-073B-4D76-ABF8-BA98AF531EB4}.Release|Any CPU.ActiveCfg = Release|Any CPU
		{02B851DA-073B-4D76-ABF8-BA98AF531EB4}.Release|Any CPU.Build.0 = Release|Any CPU
		{EE303237-8697-4673-933E-5127A0D78D7B}.Debug|Any CPU.ActiveCfg = Debug|Any CPU
		{EE303237-8697-4673-933E-5127A0D78D7B}.Debug|Any CPU.Build.0 = Debug|Any CPU
		{EE303237-8697-4673-933E-5127A0D78D7B}.Release|Any CPU.ActiveCfg = Release|Any CPU
		{EE303237-8697-4673-933E-5127A0D78D7B}.Release|Any CPU.Build.0 = Release|Any CPU
		{69A10BDC-65FF-4672-8C40-770821F5657C}.Debug|Any CPU.ActiveCfg = Debug|Any CPU
		{69A10BDC-65FF-4672-8C40-770821F5657C}.Debug|Any CPU.Build.0 = Debug|Any CPU
		{69A10BDC-65FF-4672-8C40-770821F5657C}.Release|Any CPU.ActiveCfg = Release|Any CPU
		{69A10BDC-65FF-4672-8C40-770821F5657C}.Release|Any CPU.Build.0 = Release|Any CPU
		{5178E1B6-560F-497A-9DB5-80F1145C8F22}.Debug|Any CPU.ActiveCfg = Debug|Any CPU
		{5178E1B6-560F-497A-9DB5-80F1145C8F22}.Debug|Any CPU.Build.0 = Debug|Any CPU
		{5178E1B6-560F-497A-9DB5-80F1145C8F22}.Release|Any CPU.ActiveCfg = Release|Any CPU
		{5178E1B6-560F-497A-9DB5-80F1145C8F22}.Release|Any CPU.Build.0 = Release|Any CPU
		{3F873D49-ECAE-4296-BB29-279DD4731F59}.Debug|Any CPU.ActiveCfg = Debug|Any CPU
		{3F873D49-ECAE-4296-BB29-279DD4731F59}.Debug|Any CPU.Build.0 = Debug|Any CPU
		{3F873D49-ECAE-4296-BB29-279DD4731F59}.Release|Any CPU.ActiveCfg = Release|Any CPU
		{3F873D49-ECAE-4296-BB29-279DD4731F59}.Release|Any CPU.Build.0 = Release|Any CPU
	EndGlobalSection
	GlobalSection(SolutionProperties) = preSolution
		HideSolutionNode = FALSE
	EndGlobalSection
	GlobalSection(ExtensibilityGlobals) = postSolution
		SolutionGuid = {BD1775A8-D4D7-4F5D-B318-44D9416D9C91}
	EndGlobalSection
EndGlobal
